// !$*UTF8*$!
{
	archiveVersion = 1;
	classes = {
	};
	objectVersion = 51;
	objects = {

/* Begin PBXBuildFile section */
		06899E286EEDB9165C9FA735 /* Pods_TestCICD.framework in Frameworks */ = {isa = PBXBuildFile; fileRef = 92CCC785E30CDDB5ABD3A11D /* Pods_TestCICD.framework */; };
		287AD93021A5880A005ADEE3 /* exportOptions.plist in Resources */ = {isa = PBXBuildFile; fileRef = 287AD92F21A5880A005ADEE3 /* exportOptions.plist */; };
		28B220C721A419C500F55446 /* AppDelegate.swift in Sources */ = {isa = PBXBuildFile; fileRef = 28B220C621A419C500F55446 /* AppDelegate.swift */; };
		28B220C921A419C500F55446 /* ViewController.swift in Sources */ = {isa = PBXBuildFile; fileRef = 28B220C821A419C500F55446 /* ViewController.swift */; };
		28B220CC21A419C500F55446 /* Main.storyboard in Resources */ = {isa = PBXBuildFile; fileRef = 28B220CA21A419C500F55446 /* Main.storyboard */; };
		28B220CE21A419C800F55446 /* Assets.xcassets in Resources */ = {isa = PBXBuildFile; fileRef = 28B220CD21A419C800F55446 /* Assets.xcassets */; };
		28B220D121A419C800F55446 /* LaunchScreen.storyboard in Resources */ = {isa = PBXBuildFile; fileRef = 28B220CF21A419C800F55446 /* LaunchScreen.storyboard */; };
/* End PBXBuildFile section */

/* Begin PBXFileReference section */
		287AD92F21A5880A005ADEE3 /* exportOptions.plist */ = {isa = PBXFileReference; fileEncoding = 4; lastKnownFileType = text.plist.xml; path = exportOptions.plist; sourceTree = "<group>"; };
		28B220C321A419C500F55446 /* TestCICD.app */ = {isa = PBXFileReference; explicitFileType = wrapper.application; includeInIndex = 0; path = TestCICD.app; sourceTree = BUILT_PRODUCTS_DIR; };
		28B220C621A419C500F55446 /* AppDelegate.swift */ = {isa = PBXFileReference; lastKnownFileType = sourcecode.swift; path = AppDelegate.swift; sourceTree = "<group>"; };
		28B220C821A419C500F55446 /* ViewController.swift */ = {isa = PBXFileReference; lastKnownFileType = sourcecode.swift; path = ViewController.swift; sourceTree = "<group>"; };
		28B220CB21A419C500F55446 /* Base */ = {isa = PBXFileReference; lastKnownFileType = file.storyboard; name = Base; path = Base.lproj/Main.storyboard; sourceTree = "<group>"; };
		28B220CD21A419C800F55446 /* Assets.xcassets */ = {isa = PBXFileReference; lastKnownFileType = folder.assetcatalog; path = Assets.xcassets; sourceTree = "<group>"; };
		28B220D021A419C800F55446 /* Base */ = {isa = PBXFileReference; lastKnownFileType = file.storyboard; name = Base; path = Base.lproj/LaunchScreen.storyboard; sourceTree = "<group>"; };
		28B220D221A419C800F55446 /* Info.plist */ = {isa = PBXFileReference; lastKnownFileType = text.plist.xml; path = Info.plist; sourceTree = "<group>"; };
		6378A3602B275E3C47298255 /* Pods-TestCICD.release.xcconfig */ = {isa = PBXFileReference; includeInIndex = 1; lastKnownFileType = text.xcconfig; name = "Pods-TestCICD.release.xcconfig"; path = "Pods/Target Support Files/Pods-TestCICD/Pods-TestCICD.release.xcconfig"; sourceTree = "<group>"; };
		92CCC785E30CDDB5ABD3A11D /* Pods_TestCICD.framework */ = {isa = PBXFileReference; explicitFileType = wrapper.framework; includeInIndex = 0; path = Pods_TestCICD.framework; sourceTree = BUILT_PRODUCTS_DIR; };
		9F1273AFF9E50A0D489A56D8 /* Pods-TestCICD.debug.xcconfig */ = {isa = PBXFileReference; includeInIndex = 1; lastKnownFileType = text.xcconfig; name = "Pods-TestCICD.debug.xcconfig"; path = "Pods/Target Support Files/Pods-TestCICD/Pods-TestCICD.debug.xcconfig"; sourceTree = "<group>"; };
/* End PBXFileReference section */

/* Begin PBXFrameworksBuildPhase section */
		28B220C021A419C500F55446 /* Frameworks */ = {
			isa = PBXFrameworksBuildPhase;
			buildActionMask = 2147483647;
			files = (
				06899E286EEDB9165C9FA735 /* Pods_TestCICD.framework in Frameworks */,
			);
			runOnlyForDeploymentPostprocessing = 0;
		};
/* End PBXFrameworksBuildPhase section */

/* Begin PBXGroup section */
		28B220BA21A419C500F55446 = {
			isa = PBXGroup;
			children = (
				28B220C521A419C500F55446 /* TestCICD */,
				28B220C421A419C500F55446 /* Products */,
				A55E5ACF5D59237EEDC14A66 /* Pods */,
				EDCCF5CD1D3B7E0F020EB4FD /* Frameworks */,
			);
			sourceTree = "<group>";
		};
		28B220C421A419C500F55446 /* Products */ = {
			isa = PBXGroup;
			children = (
				28B220C321A419C500F55446 /* TestCICD.app */,
			);
			name = Products;
			sourceTree = "<group>";
		};
		28B220C521A419C500F55446 /* TestCICD */ = {
			isa = PBXGroup;
			children = (
				28B220C621A419C500F55446 /* AppDelegate.swift */,
				28B220C821A419C500F55446 /* ViewController.swift */,
				28B220CA21A419C500F55446 /* Main.storyboard */,
				28B220CD21A419C800F55446 /* Assets.xcassets */,
				28B220CF21A419C800F55446 /* LaunchScreen.storyboard */,
				28B220D221A419C800F55446 /* Info.plist */,
				287AD92F21A5880A005ADEE3 /* exportOptions.plist */,
			);
			path = TestCICD;
			sourceTree = "<group>";
		};
		A55E5ACF5D59237EEDC14A66 /* Pods */ = {
			isa = PBXGroup;
			children = (
				9F1273AFF9E50A0D489A56D8 /* Pods-TestCICD.debug.xcconfig */,
				6378A3602B275E3C47298255 /* Pods-TestCICD.release.xcconfig */,
			);
			name = Pods;
			sourceTree = "<group>";
		};
		EDCCF5CD1D3B7E0F020EB4FD /* Frameworks */ = {
			isa = PBXGroup;
			children = (
				92CCC785E30CDDB5ABD3A11D /* Pods_TestCICD.framework */,
			);
			name = Frameworks;
			sourceTree = "<group>";
		};
/* End PBXGroup section */

/* Begin PBXNativeTarget section */
		28B220C221A419C500F55446 /* TestCICD */ = {
			isa = PBXNativeTarget;
			buildConfigurationList = 28B220D521A419C800F55446 /* Build configuration list for PBXNativeTarget "TestCICD" */;
			buildPhases = (
				BDC8F9FF8C4BC7FF0C30EA9F /* [CP] Check Pods Manifest.lock */,
				28B220BF21A419C500F55446 /* Sources */,
				28B220C021A419C500F55446 /* Frameworks */,
				28B220C121A419C500F55446 /* Resources */,
			);
			buildRules = (
			);
			dependencies = (
			);
			name = TestCICD;
			productName = TestCICD;
			productReference = 28B220C321A419C500F55446 /* TestCICD.app */;
			productType = "com.apple.product-type.application";
		};
/* End PBXNativeTarget section */

/* Begin PBXProject section */
		28B220BB21A419C500F55446 /* Project object */ = {
			isa = PBXProject;
			attributes = {
				LastSwiftUpdateCheck = 1000;
				LastUpgradeCheck = 1000;
				ORGANIZATIONNAME = pradhyuman;
				TargetAttributes = {
					28B220C221A419C500F55446 = {
						CreatedOnToolsVersion = 10.0;
					};
				};
			};
			buildConfigurationList = 28B220BE21A419C500F55446 /* Build configuration list for PBXProject "TestCICD" */;
			compatibilityVersion = "Xcode 10.0";
			developmentRegion = en;
			hasScannedForEncodings = 0;
			knownRegions = (
				en,
				Base,
			);
			mainGroup = 28B220BA21A419C500F55446;
			productRefGroup = 28B220C421A419C500F55446 /* Products */;
			projectDirPath = "";
			projectRoot = "";
			targets = (
				28B220C221A419C500F55446 /* TestCICD */,
			);
		};
/* End PBXProject section */

/* Begin PBXResourcesBuildPhase section */
		28B220C121A419C500F55446 /* Resources */ = {
			isa = PBXResourcesBuildPhase;
			buildActionMask = 2147483647;
			files = (
				28B220D121A419C800F55446 /* LaunchScreen.storyboard in Resources */,
				28B220CE21A419C800F55446 /* Assets.xcassets in Resources */,
				28B220CC21A419C500F55446 /* Main.storyboard in Resources */,
				287AD93021A5880A005ADEE3 /* exportOptions.plist in Resources */,
			);
			runOnlyForDeploymentPostprocessing = 0;
		};
/* End PBXResourcesBuildPhase section */

/* Begin PBXShellScriptBuildPhase section */
		BDC8F9FF8C4BC7FF0C30EA9F /* [CP] Check Pods Manifest.lock */ = {
			isa = PBXShellScriptBuildPhase;
			buildActionMask = 2147483647;
			files = (
			);
			inputFileListPaths = (
			);
			inputPaths = (
				"${PODS_PODFILE_DIR_PATH}/Podfile.lock",
				"${PODS_ROOT}/Manifest.lock",
			);
			name = "[CP] Check Pods Manifest.lock";
			outputFileListPaths = (
			);
			outputPaths = (
				"$(DERIVED_FILE_DIR)/Pods-TestCICD-checkManifestLockResult.txt",
			);
			runOnlyForDeploymentPostprocessing = 0;
			shellPath = /bin/sh;
			shellScript = "diff \"${PODS_PODFILE_DIR_PATH}/Podfile.lock\" \"${PODS_ROOT}/Manifest.lock\" > /dev/null\nif [ $? != 0 ] ; then\n    # print error to STDERR\n    echo \"error: The sandbox is not in sync with the Podfile.lock. Run 'pod install' or update your CocoaPods installation.\" >&2\n    exit 1\nfi\n# This output is used by Xcode 'outputs' to avoid re-running this script phase.\necho \"SUCCESS\" > \"${SCRIPT_OUTPUT_FILE_0}\"\n";
			showEnvVarsInLog = 0;
		};
/* End PBXShellScriptBuildPhase section */

/* Begin PBXSourcesBuildPhase section */
		28B220BF21A419C500F55446 /* Sources */ = {
			isa = PBXSourcesBuildPhase;
			buildActionMask = 2147483647;
			files = (
				28B220C921A419C500F55446 /* ViewController.swift in Sources */,
				28B220C721A419C500F55446 /* AppDelegate.swift in Sources */,
			);
			runOnlyForDeploymentPostprocessing = 0;
		};
/* End PBXSourcesBuildPhase section */

/* Begin PBXVariantGroup section */
		28B220CA21A419C500F55446 /* Main.storyboard */ = {
			isa = PBXVariantGroup;
			children = (
				28B220CB21A419C500F55446 /* Base */,
			);
			name = Main.storyboard;
			sourceTree = "<group>";
		};
		28B220CF21A419C800F55446 /* LaunchScreen.storyboard */ = {
			isa = PBXVariantGroup;
			children = (
				28B220D021A419C800F55446 /* Base */,
			);
			name = LaunchScreen.storyboard;
			sourceTree = "<group>";
		};
/* End PBXVariantGroup section */

/* Begin XCBuildConfiguration section */
		28B220D321A419C800F55446 /* Debug */ = {
			isa = XCBuildConfiguration;
			buildSettings = {
				ALWAYS_SEARCH_USER_PATHS = NO;
				CLANG_ANALYZER_NONNULL = YES;
				CLANG_ANALYZER_NUMBER_OBJECT_CONVERSION = YES_AGGRESSIVE;
				CLANG_CXX_LANGUAGE_STANDARD = "gnu++14";
				CLANG_CXX_LIBRARY = "libc++";
				CLANG_ENABLE_MODULES = YES;
				CLANG_ENABLE_OBJC_ARC = YES;
				CLANG_ENABLE_OBJC_WEAK = YES;
				CLANG_WARN_BLOCK_CAPTURE_AUTORELEASING = YES;
				CLANG_WARN_BOOL_CONVERSION = YES;
				CLANG_WARN_COMMA = YES;
				CLANG_WARN_CONSTANT_CONVERSION = YES;
				CLANG_WARN_DEPRECATED_OBJC_IMPLEMENTATIONS = YES;
				CLANG_WARN_DIRECT_OBJC_ISA_USAGE = YES_ERROR;
				CLANG_WARN_DOCUMENTATION_COMMENTS = YES;
				CLANG_WARN_EMPTY_BODY = YES;
				CLANG_WARN_ENUM_CONVERSION = YES;
				CLANG_WARN_INFINITE_RECURSION = YES;
				CLANG_WARN_INT_CONVERSION = YES;
				CLANG_WARN_NON_LITERAL_NULL_CONVERSION = YES;
				CLANG_WARN_OBJC_IMPLICIT_RETAIN_SELF = YES;
				CLANG_WARN_OBJC_LITERAL_CONVERSION = YES;
				CLANG_WARN_OBJC_ROOT_CLASS = YES_ERROR;
				CLANG_WARN_RANGE_LOOP_ANALYSIS = YES;
				CLANG_WARN_STRICT_PROTOTYPES = YES;
				CLANG_WARN_SUSPICIOUS_MOVE = YES;
				CLANG_WARN_UNGUARDED_AVAILABILITY = YES_AGGRESSIVE;
				CLANG_WARN_UNREACHABLE_CODE = YES;
				CLANG_WARN__DUPLICATE_METHOD_MATCH = YES;
				CODE_SIGN_IDENTITY = "iPhone Developer";
				COPY_PHASE_STRIP = NO;
				DEBUG_INFORMATION_FORMAT = dwarf;
				ENABLE_STRICT_OBJC_MSGSEND = YES;
				ENABLE_TESTABILITY = YES;
				GCC_C_LANGUAGE_STANDARD = gnu11;
				GCC_DYNAMIC_NO_PIC = NO;
				GCC_NO_COMMON_BLOCKS = YES;
				GCC_OPTIMIZATION_LEVEL = 0;
				GCC_PREPROCESSOR_DEFINITIONS = (
					"DEBUG=1",
					"$(inherited)",
				);
				GCC_WARN_64_TO_32_BIT_CONVERSION = YES;
				GCC_WARN_ABOUT_RETURN_TYPE = YES_ERROR;
				GCC_WARN_UNDECLARED_SELECTOR = YES;
				GCC_WARN_UNINITIALIZED_AUTOS = YES_AGGRESSIVE;
				GCC_WARN_UNUSED_FUNCTION = YES;
				GCC_WARN_UNUSED_VARIABLE = YES;
				IPHONEOS_DEPLOYMENT_TARGET = 12.0;
				MTL_ENABLE_DEBUG_INFO = INCLUDE_SOURCE;
				MTL_FAST_MATH = YES;
				ONLY_ACTIVE_ARCH = YES;
				SDKROOT = iphoneos;
				SWIFT_ACTIVE_COMPILATION_CONDITIONS = DEBUG;
				SWIFT_OPTIMIZATION_LEVEL = "-Onone";
			};
			name = Debug;
		};
		28B220D421A419C800F55446 /* Release */ = {
			isa = XCBuildConfiguration;
			buildSettings = {
				ALWAYS_SEARCH_USER_PATHS = NO;
				CLANG_ANALYZER_NONNULL = YES;
				CLANG_ANALYZER_NUMBER_OBJECT_CONVERSION = YES_AGGRESSIVE;
				CLANG_CXX_LANGUAGE_STANDARD = "gnu++14";
				CLANG_CXX_LIBRARY = "libc++";
				CLANG_ENABLE_MODULES = YES;
				CLANG_ENABLE_OBJC_ARC = YES;
				CLANG_ENABLE_OBJC_WEAK = YES;
				CLANG_WARN_BLOCK_CAPTURE_AUTORELEASING = YES;
				CLANG_WARN_BOOL_CONVERSION = YES;
				CLANG_WARN_COMMA = YES;
				CLANG_WARN_CONSTANT_CONVERSION = YES;
				CLANG_WARN_DEPRECATED_OBJC_IMPLEMENTATIONS = YES;
				CLANG_WARN_DIRECT_OBJC_ISA_USAGE = YES_ERROR;
				CLANG_WARN_DOCUMENTATION_COMMENTS = YES;
				CLANG_WARN_EMPTY_BODY = YES;
				CLANG_WARN_ENUM_CONVERSION = YES;
				CLANG_WARN_INFINITE_RECURSION = YES;
				CLANG_WARN_INT_CONVERSION = YES;
				CLANG_WARN_NON_LITERAL_NULL_CONVERSION = YES;
				CLANG_WARN_OBJC_IMPLICIT_RETAIN_SELF = YES;
				CLANG_WARN_OBJC_LITERAL_CONVERSION = YES;
				CLANG_WARN_OBJC_ROOT_CLASS = YES_ERROR;
				CLANG_WARN_RANGE_LOOP_ANALYSIS = YES;
				CLANG_WARN_STRICT_PROTOTYPES = YES;
				CLANG_WARN_SUSPICIOUS_MOVE = YES;
				CLANG_WARN_UNGUARDED_AVAILABILITY = YES_AGGRESSIVE;
				CLANG_WARN_UNREACHABLE_CODE = YES;
				CLANG_WARN__DUPLICATE_METHOD_MATCH = YES;
				CODE_SIGN_IDENTITY = "iPhone Developer";
				COPY_PHASE_STRIP = NO;
				DEBUG_INFORMATION_FORMAT = "dwarf-with-dsym";
				ENABLE_NS_ASSERTIONS = NO;
				ENABLE_STRICT_OBJC_MSGSEND = YES;
				GCC_C_LANGUAGE_STANDARD = gnu11;
				GCC_NO_COMMON_BLOCKS = YES;
				GCC_WARN_64_TO_32_BIT_CONVERSION = YES;
				GCC_WARN_ABOUT_RETURN_TYPE = YES_ERROR;
				GCC_WARN_UNDECLARED_SELECTOR = YES;
				GCC_WARN_UNINITIALIZED_AUTOS = YES_AGGRESSIVE;
				GCC_WARN_UNUSED_FUNCTION = YES;
				GCC_WARN_UNUSED_VARIABLE = YES;
				IPHONEOS_DEPLOYMENT_TARGET = 12.0;
				MTL_ENABLE_DEBUG_INFO = NO;
				MTL_FAST_MATH = YES;
				SDKROOT = iphoneos;
				SWIFT_COMPILATION_MODE = wholemodule;
				SWIFT_OPTIMIZATION_LEVEL = "-O";
				VALIDATE_PRODUCT = YES;
			};
			name = Release;
		};
		28B220D621A419C800F55446 /* Debug */ = {
			isa = XCBuildConfiguration;
			baseConfigurationReference = 9F1273AFF9E50A0D489A56D8 /* Pods-TestCICD.debug.xcconfig */;
			buildSettings = {
				ASSETCATALOG_COMPILER_APPICON_NAME = AppIcon;
				CODE_SIGN_IDENTITY = "iPhone Developer";
				CODE_SIGN_STYLE = Automatic;
				DEVELOPMENT_TEAM = GWX9XCPYYK;
				INFOPLIST_FILE = TestCICD/Info.plist;
				IPHONEOS_DEPLOYMENT_TARGET = 10.0;
				LD_RUNPATH_SEARCH_PATHS = (
					"$(inherited)",
					"@executable_path/Frameworks",
				);
				PRODUCT_BUNDLE_IDENTIFIER = com.kcspl.poc;
				PRODUCT_NAME = "$(TARGET_NAME)";
				PROVISIONING_PROFILE_SPECIFIER = "";
				SWIFT_VERSION = 4.2;
				TARGETED_DEVICE_FAMILY = 1;
			};
			name = Debug;
		};
		28B220D721A419C800F55446 /* Release */ = {
			isa = XCBuildConfiguration;
			baseConfigurationReference = 6378A3602B275E3C47298255 /* Pods-TestCICD.release.xcconfig */;
			buildSettings = {
				ASSETCATALOG_COMPILER_APPICON_NAME = AppIcon;
				CODE_SIGN_IDENTITY = "iPhone Developer";
				CODE_SIGN_STYLE = Automatic;
				DEVELOPMENT_TEAM = GWX9XCPYYK;
				INFOPLIST_FILE = TestCICD/Info.plist;
				IPHONEOS_DEPLOYMENT_TARGET = 10.0;
				LD_RUNPATH_SEARCH_PATHS = (
					"$(inherited)",
					"@executable_path/Frameworks",
				);
				PRODUCT_BUNDLE_IDENTIFIER = com.kcspl.poc;
				PRODUCT_NAME = "$(TARGET_NAME)";
				PROVISIONING_PROFILE_SPECIFIER = "";
				SWIFT_VERSION = 4.2;
				TARGETED_DEVICE_FAMILY = 1;
			};
			name = Release;
		};
/* End XCBuildConfiguration section */

/* Begin XCConfigurationList section */
		28B220BE21A419C500F55446 /* Build configuration list for PBXProject "TestCICD" */ = {
			isa = XCConfigurationList;
			buildConfigurations = (
				28B220D321A419C800F55446 /* Debug */,
				28B220D421A419C800F55446 /* Release */,
			);
			defaultConfigurationIsVisible = 0;
			defaultConfigurationName = Release;
		};
		28B220D521A419C800F55446 /* Build configuration list for PBXNativeTarget "TestCICD" */ = {
			isa = XCConfigurationList;
			buildConfigurations = (
				28B220D621A419C800F55446 /* Debug */,
				28B220D721A419C800F55446 /* Release */,
			);
			defaultConfigurationIsVisible = 0;
			defaultConfigurationName = Release;
		};
/* End XCConfigurationList section */
	};
	rootObject = 28B220BB21A419C500F55446 /* Project object */;
}
